
Microsoft Visual Studio Solution File, Format Version 12.00
# Visual Studio 15
VisualStudioVersion = 15.0.26730.16
MinimumVisualStudioVersion = 10.0.40219.1
Project("{FAE04EC0-301F-11D3-BF4B-00C04F79EFBC}") = "TestBackend", "TestBackend\TestBackend.csproj", "{34F5C0A0-A0CA-4CD6-B4B0-439C63E2C7B2}"
EndProject
Global
	GlobalSection(SolutionConfigurationPlatforms) = preSolution
		Debug|Any CPU = Debug|Any CPU
		Release|Any CPU = Release|Any CPU
	EndGlobalSection
	GlobalSection(ProjectConfigurationPlatforms) = postSolution
		{34F5C0A0-A0CA-4CD6-B4B0-439C63E2C7B2}.Debug|Any CPU.ActiveCfg = Debug|Any CPU
		{34F5C0A0-A0CA-4CD6-B4B0-439C63E2C7B2}.Debug|Any CPU.Build.0 = Debug|Any CPU
		{34F5C0A0-A0CA-4CD6-B4B0-439C63E2C7B2}.Release|Any CPU.ActiveCfg = Release|Any CPU
		{34F5C0A0-A0CA-4CD6-B4B0-439C63E2C7B2}.Release|Any CPU.Build.0 = Release|Any CPU
	EndGlobalSection
	GlobalSection(SolutionProperties) = preSolution
		HideSolutionNode = FALSE
	EndGlobalSection
	GlobalSection(ExtensibilityGlobals) = postSolution
		SolutionGuid = {B2FD5139-B159-43D1-8638-34D23F4B4C3D}
	EndGlobalSection
EndGlobal
